// !$*UTF8*$!
{
	archiveVersion = 1;
	classes = {
	};
	objectVersion = 55;
	objects = {

/* Begin PBXBuildFile section */
		F15F71462854A26E0080E787 /* AppDelegate.swift in Sources */ = {isa = PBXBuildFile; fileRef = F15F71452854A26E0080E787 /* AppDelegate.swift */; };
		F15F71482854A26E0080E787 /* SceneDelegate.swift in Sources */ = {isa = PBXBuildFile; fileRef = F15F71472854A26E0080E787 /* SceneDelegate.swift */; };
		F15F714A2854A26E0080E787 /* ViewController.swift in Sources */ = {isa = PBXBuildFile; fileRef = F15F71492854A26E0080E787 /* ViewController.swift */; };
		F15F714D2854A26E0080E787 /* Main.storyboard in Resources */ = {isa = PBXBuildFile; fileRef = F15F714B2854A26E0080E787 /* Main.storyboard */; };
		F15F714F2854A2710080E787 /* Assets.xcassets in Resources */ = {isa = PBXBuildFile; fileRef = F15F714E2854A2710080E787 /* Assets.xcassets */; };
		F15F71522854A2710080E787 /* LaunchScreen.storyboard in Resources */ = {isa = PBXBuildFile; fileRef = F15F71502854A2710080E787 /* LaunchScreen.storyboard */; };
		F15F715A2854C23C0080E787 /* SettingTableViewCell.swift in Sources */ = {isa = PBXBuildFile; fileRef = F15F71592854C23C0080E787 /* SettingTableViewCell.swift */; };
		F15F715C2854DA490080E787 /* SwitchTableViewCell.swift in Sources */ = {isa = PBXBuildFile; fileRef = F15F715B2854DA490080E787 /* SwitchTableViewCell.swift */; };
		F15F715E2854ECDA0080E787 /* AdditionalLabelTableViewCell.swift in Sources */ = {isa = PBXBuildFile; fileRef = F15F715D2854ECDA0080E787 /* AdditionalLabelTableViewCell.swift */; };
		F15F71602854F6B90080E787 /* NotificationTableViewCell.swift in Sources */ = {isa = PBXBuildFile; fileRef = F15F715F2854F6B90080E787 /* NotificationTableViewCell.swift */; };
/* End PBXBuildFile section */

/* Begin PBXFileReference section */
		F15F71422854A26E0080E787 /* hm-table.app */ = {isa = PBXFileReference; explicitFileType = wrapper.application; includeInIndex = 0; path = "hm-table.app"; sourceTree = BUILT_PRODUCTS_DIR; };
		F15F71452854A26E0080E787 /* AppDelegate.swift */ = {isa = PBXFileReference; lastKnownFileType = sourcecode.swift; path = AppDelegate.swift; sourceTree = "<group>"; };
		F15F71472854A26E0080E787 /* SceneDelegate.swift */ = {isa = PBXFileReference; lastKnownFileType = sourcecode.swift; path = SceneDelegate.swift; sourceTree = "<group>"; };
		F15F71492854A26E0080E787 /* ViewController.swift */ = {isa = PBXFileReference; lastKnownFileType = sourcecode.swift; path = ViewController.swift; sourceTree = "<group>"; };
		F15F714C2854A26E0080E787 /* Base */ = {isa = PBXFileReference; lastKnownFileType = file.storyboard; name = Base; path = Base.lproj/Main.storyboard; sourceTree = "<group>"; };
		F15F714E2854A2710080E787 /* Assets.xcassets */ = {isa = PBXFileReference; lastKnownFileType = folder.assetcatalog; path = Assets.xcassets; sourceTree = "<group>"; };
		F15F71512854A2710080E787 /* Base */ = {isa = PBXFileReference; lastKnownFileType = file.storyboard; name = Base; path = Base.lproj/LaunchScreen.storyboard; sourceTree = "<group>"; };
		F15F71532854A2710080E787 /* Info.plist */ = {isa = PBXFileReference; lastKnownFileType = text.plist.xml; path = Info.plist; sourceTree = "<group>"; };
		F15F71592854C23C0080E787 /* SettingTableViewCell.swift */ = {isa = PBXFileReference; lastKnownFileType = sourcecode.swift; path = SettingTableViewCell.swift; sourceTree = "<group>"; };
		F15F715B2854DA490080E787 /* SwitchTableViewCell.swift */ = {isa = PBXFileReference; lastKnownFileType = sourcecode.swift; path = SwitchTableViewCell.swift; sourceTree = "<group>"; };
		F15F715D2854ECDA0080E787 /* AdditionalLabelTableViewCell.swift */ = {isa = PBXFileReference; lastKnownFileType = sourcecode.swift; path = AdditionalLabelTableViewCell.swift; sourceTree = "<group>"; };
		F15F715F2854F6B90080E787 /* NotificationTableViewCell.swift */ = {isa = PBXFileReference; lastKnownFileType = sourcecode.swift; path = NotificationTableViewCell.swift; sourceTree = "<group>"; };
/* End PBXFileReference section */

/* Begin PBXFrameworksBuildPhase section */
		F15F713F2854A26E0080E787 /* Frameworks */ = {
			isa = PBXFrameworksBuildPhase;
			buildActionMask = 2147483647;
			files = (
			);
			runOnlyForDeploymentPostprocessing = 0;
		};
/* End PBXFrameworksBuildPhase section */

/* Begin PBXGroup section */
		F15F71392854A26E0080E787 = {
			isa = PBXGroup;
			children = (
				F15F71442854A26E0080E787 /* hm-table */,
				F15F71432854A26E0080E787 /* Products */,
			);
			sourceTree = "<group>";
		};
		F15F71432854A26E0080E787 /* Products */ = {
			isa = PBXGroup;
			children = (
				F15F71422854A26E0080E787 /* hm-table.app */,
			);
			name = Products;
			sourceTree = "<group>";
		};
		F15F71442854A26E0080E787 /* hm-table */ = {
			isa = PBXGroup;
			children = (
				F15F71452854A26E0080E787 /* AppDelegate.swift */,
				F15F71472854A26E0080E787 /* SceneDelegate.swift */,
				F15F71492854A26E0080E787 /* ViewController.swift */,
				F15F714B2854A26E0080E787 /* Main.storyboard */,
				F15F714E2854A2710080E787 /* Assets.xcassets */,
				F15F71502854A2710080E787 /* LaunchScreen.storyboard */,
				F15F71532854A2710080E787 /* Info.plist */,
				F15F71592854C23C0080E787 /* SettingTableViewCell.swift */,
				F15F715B2854DA490080E787 /* SwitchTableViewCell.swift */,
				F15F715D2854ECDA0080E787 /* AdditionalLabelTableViewCell.swift */,
				F15F715F2854F6B90080E787 /* NotificationTableViewCell.swift */,
			);
			path = "hm-table";
			sourceTree = "<group>";
		};
/* End PBXGroup section */

/* Begin PBXNativeTarget section */
		F15F71412854A26E0080E787 /* hm-table */ = {
			isa = PBXNativeTarget;
			buildConfigurationList = F15F71562854A2710080E787 /* Build configuration list for PBXNativeTarget "hm-table" */;
			buildPhases = (
				F15F713E2854A26E0080E787 /* Sources */,
				F15F713F2854A26E0080E787 /* Frameworks */,
				F15F71402854A26E0080E787 /* Resources */,
			);
			buildRules = (
			);
			dependencies = (
			);
			name = "hm-table";
			productName = "hm-table";
			productReference = F15F71422854A26E0080E787 /* hm-table.app */;
			productType = "com.apple.product-type.application";
		};
/* End PBXNativeTarget section */

/* Begin PBXProject section */
		F15F713A2854A26E0080E787 /* Project object */ = {
			isa = PBXProject;
			attributes = {
				BuildIndependentTargetsInParallel = 1;
				LastSwiftUpdateCheck = 1340;
				LastUpgradeCheck = 1340;
				TargetAttributes = {
					F15F71412854A26E0080E787 = {
						CreatedOnToolsVersion = 13.4;
					};
				};
			};
			buildConfigurationList = F15F713D2854A26E0080E787 /* Build configuration list for PBXProject "hm-table" */;
			compatibilityVersion = "Xcode 13.0";
			developmentRegion = en;
			hasScannedForEncodings = 0;
			knownRegions = (
				en,
				Base,
			);
			mainGroup = F15F71392854A26E0080E787;
			productRefGroup = F15F71432854A26E0080E787 /* Products */;
			projectDirPath = "";
			projectRoot = "";
			targets = (
				F15F71412854A26E0080E787 /* hm-table */,
			);
		};
/* End PBXProject section */

/* Begin PBXResourcesBuildPhase section */
		F15F71402854A26E0080E787 /* Resources */ = {
			isa = PBXResourcesBuildPhase;
			buildActionMask = 2147483647;
			files = (
				F15F71522854A2710080E787 /* LaunchScreen.storyboard in Resources */,
				F15F714F2854A2710080E787 /* Assets.xcassets in Resources */,
				F15F714D2854A26E0080E787 /* Main.storyboard in Resources */,
			);
			runOnlyForDeploymentPostprocessing = 0;
		};
/* End PBXResourcesBuildPhase section */

/* Begin PBXSourcesBuildPhase section */
		F15F713E2854A26E0080E787 /* Sources */ = {
			isa = PBXSourcesBuildPhase;
			buildActionMask = 2147483647;
			files = (
				F15F71602854F6B90080E787 /* NotificationTableViewCell.swift in Sources */,
				F15F714A2854A26E0080E787 /* ViewController.swift in Sources */,
				F15F71462854A26E0080E787 /* AppDelegate.swift in Sources */,
				F15F715C2854DA490080E787 /* SwitchTableViewCell.swift in Sources */,
				F15F715A2854C23C0080E787 /* SettingTableViewCell.swift in Sources */,
				F15F71482854A26E0080E787 /* SceneDelegate.swift in Sources */,
				F15F715E2854ECDA0080E787 /* AdditionalLabelTableViewCell.swift in Sources */,
			);
			runOnlyForDeploymentPostprocessing = 0;
		};
/* End PBXSourcesBuildPhase section */

/* Begin PBXVariantGroup section */
		F15F714B2854A26E0080E787 /* Main.storyboard */ = {
			isa = PBXVariantGroup;
			children = (
				F15F714C2854A26E0080E787 /* Base */,
			);
			name = Main.storyboard;
			sourceTree = "<group>";
		};
		F15F71502854A2710080E787 /* LaunchScreen.storyboard */ = {
			isa = PBXVariantGroup;
			children = (
				F15F71512854A2710080E787 /* Base */,
			);
			name = LaunchScreen.storyboard;
			sourceTree = "<group>";
		};
/* End PBXVariantGroup section */

/* Begin XCBuildConfiguration section */
		F15F71542854A2710080E787 /* Debug */ = {
			isa = XCBuildConfiguration;
			buildSettings = {
				ALWAYS_SEARCH_USER_PATHS = NO;
				CLANG_ANALYZER_NONNULL = YES;
				CLANG_ANALYZER_NUMBER_OBJECT_CONVERSION = YES_AGGRESSIVE;
				CLANG_CXX_LANGUAGE_STANDARD = "gnu++17";
				CLANG_ENABLE_MODULES = YES;
				CLANG_ENABLE_OBJC_ARC = YES;
				CLANG_ENABLE_OBJC_WEAK = YES;
				CLANG_WARN_BLOCK_CAPTURE_AUTORELEASING = YES;
				CLANG_WARN_BOOL_CONVERSION = YES;
				CLANG_WARN_COMMA = YES;
				CLANG_WARN_CONSTANT_CONVERSION = YES;
				CLANG_WARN_DEPRECATED_OBJC_IMPLEMENTATIONS = YES;
				CLANG_WARN_DIRECT_OBJC_ISA_USAGE = YES_ERROR;
				CLANG_WARN_DOCUMENTATION_COMMENTS = YES;
				CLANG_WARN_EMPTY_BODY = YES;
				CLANG_WARN_ENUM_CONVERSION = YES;
				CLANG_WARN_INFINITE_RECURSION = YES;
				CLANG_WARN_INT_CONVERSION = YES;
				CLANG_WARN_NON_LITERAL_NULL_CONVERSION = YES;
				CLANG_WARN_OBJC_IMPLICIT_RETAIN_SELF = YES;
				CLANG_WARN_OBJC_LITERAL_CONVERSION = YES;
				CLANG_WARN_OBJC_ROOT_CLASS = YES_ERROR;
				CLANG_WARN_QUOTED_INCLUDE_IN_FRAMEWORK_HEADER = YES;
				CLANG_WARN_RANGE_LOOP_ANALYSIS = YES;
				CLANG_WARN_STRICT_PROTOTYPES = YES;
				CLANG_WARN_SUSPICIOUS_MOVE = YES;
				CLANG_WARN_UNGUARDED_AVAILABILITY = YES_AGGRESSIVE;
				CLANG_WARN_UNREACHABLE_CODE = YES;
				CLANG_WARN__DUPLICATE_METHOD_MATCH = YES;
				COPY_PHASE_STRIP = NO;
				DEBUG_INFORMATION_FORMAT = dwarf;
				ENABLE_STRICT_OBJC_MSGSEND = YES;
				ENABLE_TESTABILITY = YES;
				GCC_C_LANGUAGE_STANDARD = gnu11;
				GCC_DYNAMIC_NO_PIC = NO;
				GCC_NO_COMMON_BLOCKS = YES;
				GCC_OPTIMIZATION_LEVEL = 0;
				GCC_PREPROCESSOR_DEFINITIONS = (
					"DEBUG=1",
					"$(inherited)",
				);
				GCC_WARN_64_TO_32_BIT_CONVERSION = YES;
				GCC_WARN_ABOUT_RETURN_TYPE = YES_ERROR;
				GCC_WARN_UNDECLARED_SELECTOR = YES;
				GCC_WARN_UNINITIALIZED_AUTOS = YES_AGGRESSIVE;
				GCC_WARN_UNUSED_FUNCTION = YES;
				GCC_WARN_UNUSED_VARIABLE = YES;
				IPHONEOS_DEPLOYMENT_TARGET = 15.5;
				MTL_ENABLE_DEBUG_INFO = INCLUDE_SOURCE;
				MTL_FAST_MATH = YES;
				ONLY_ACTIVE_ARCH = YES;
				SDKROOT = iphoneos;
				SWIFT_ACTIVE_COMPILATION_CONDITIONS = DEBUG;
				SWIFT_OPTIMIZATION_LEVEL = "-Onone";
			};
			name = Debug;
		};
		F15F71552854A2710080E787 /* Release */ = {
			isa = XCBuildConfiguration;
			buildSettings = {
				ALWAYS_SEARCH_USER_PATHS = NO;
				CLANG_ANALYZER_NONNULL = YES;
				CLANG_ANALYZER_NUMBER_OBJECT_CONVERSION = YES_AGGRESSIVE;
				CLANG_CXX_LANGUAGE_STANDARD = "gnu++17";
				CLANG_ENABLE_MODULES = YES;
				CLANG_ENABLE_OBJC_ARC = YES;
				CLANG_ENABLE_OBJC_WEAK = YES;
				CLANG_WARN_BLOCK_CAPTURE_AUTORELEASING = YES;
				CLANG_WARN_BOOL_CONVERSION = YES;
				CLANG_WARN_COMMA = YES;
				CLANG_WARN_CONSTANT_CONVERSION = YES;
				CLANG_WARN_DEPRECATED_OBJC_IMPLEMENTATIONS = YES;
				CLANG_WARN_DIRECT_OBJC_ISA_USAGE = YES_ERROR;
				CLANG_WARN_DOCUMENTATION_COMMENTS = YES;
				CLANG_WARN_EMPTY_BODY = YES;
				CLANG_WARN_ENUM_CONVERSION = YES;
				CLANG_WARN_INFINITE_RECURSION = YES;
				CLANG_WARN_INT_CONVERSION = YES;
				CLANG_WARN_NON_LITERAL_NULL_CONVERSION = YES;
				CLANG_WARN_OBJC_IMPLICIT_RETAIN_SELF = YES;
				CLANG_WARN_OBJC_LITERAL_CONVERSION = YES;
				CLANG_WARN_OBJC_ROOT_CLASS = YES_ERROR;
				CLANG_WARN_QUOTED_INCLUDE_IN_FRAMEWORK_HEADER = YES;
				CLANG_WARN_RANGE_LOOP_ANALYSIS = YES;
				CLANG_WARN_STRICT_PROTOTYPES = YES;
				CLANG_WARN_SUSPICIOUS_MOVE = YES;
				CLANG_WARN_UNGUARDED_AVAILABILITY = YES_AGGRESSIVE;
				CLANG_WARN_UNREACHABLE_CODE = YES;
				CLANG_WARN__DUPLICATE_METHOD_MATCH = YES;
				COPY_PHASE_STRIP = NO;
				DEBUG_INFORMATION_FORMAT = "dwarf-with-dsym";
				ENABLE_NS_ASSERTIONS = NO;
				ENABLE_STRICT_OBJC_MSGSEND = YES;
				GCC_C_LANGUAGE_STANDARD = gnu11;
				GCC_NO_COMMON_BLOCKS = YES;
				GCC_WARN_64_TO_32_BIT_CONVERSION = YES;
				GCC_WARN_ABOUT_RETURN_TYPE = YES_ERROR;
				GCC_WARN_UNDECLARED_SELECTOR = YES;
				GCC_WARN_UNINITIALIZED_AUTOS = YES_AGGRESSIVE;
				GCC_WARN_UNUSED_FUNCTION = YES;
				GCC_WARN_UNUSED_VARIABLE = YES;
				IPHONEOS_DEPLOYMENT_TARGET = 15.5;
				MTL_ENABLE_DEBUG_INFO = NO;
				MTL_FAST_MATH = YES;
				SDKROOT = iphoneos;
				SWIFT_COMPILATION_MODE = wholemodule;
				SWIFT_OPTIMIZATION_LEVEL = "-O";
				VALIDATE_PRODUCT = YES;
			};
			name = Release;
		};
		F15F71572854A2710080E787 /* Debug */ = {
			isa = XCBuildConfiguration;
			buildSettings = {
				ASSETCATALOG_COMPILER_APPICON_NAME = AppIcon;
				ASSETCATALOG_COMPILER_GLOBAL_ACCENT_COLOR_NAME = AccentColor;
				CODE_SIGN_STYLE = Automatic;
				CURRENT_PROJECT_VERSION = 1;
				DEVELOPMENT_TEAM = AMBQU454ZC;
				GENERATE_INFOPLIST_FILE = YES;
				INFOPLIST_FILE = "hm-table/Info.plist";
				INFOPLIST_KEY_UIApplicationSupportsIndirectInputEvents = YES;
				INFOPLIST_KEY_UILaunchStoryboardName = LaunchScreen;
				INFOPLIST_KEY_UIMainStoryboardFile = Main;
				INFOPLIST_KEY_UISupportedInterfaceOrientations_iPad = "UIInterfaceOrientationPortrait UIInterfaceOrientationPortraitUpsideDown UIInterfaceOrientationLandscapeLeft UIInterfaceOrientationLandscapeRight";
				INFOPLIST_KEY_UISupportedInterfaceOrientations_iPhone = "UIInterfaceOrientationPortrait UIInterfaceOrientationLandscapeLeft UIInterfaceOrientationLandscapeRight";
				LD_RUNPATH_SEARCH_PATHS = (
					"$(inherited)",
					"@executable_path/Frameworks",
				);
				MARKETING_VERSION = 1.0;
				PRODUCT_BUNDLE_IDENTIFIER = "vinko.hm-table";
				PRODUCT_NAME = "$(TARGET_NAME)";
				SWIFT_EMIT_LOC_STRINGS = YES;
				SWIFT_VERSION = 5.0;
				TARGETED_DEVICE_FAMILY = 1;
			};
			name = Debug;
		};
		F15F71582854A2710080E787 /* Release */ = {
			isa = XCBuildConfiguration;
			buildSettings = {
				ASSETCATALOG_COMPILER_APPICON_NAME = AppIcon;
				ASSETCATALOG_COMPILER_GLOBAL_ACCENT_COLOR_NAME = AccentColor;
				CODE_SIGN_STYLE = Automatic;
				CURRENT_PROJECT_VERSION = 1;
				DEVELOPMENT_TEAM = AMBQU454ZC;
				GENERATE_INFOPLIST_FILE = YES;
				INFOPLIST_FILE = "hm-table/Info.plist";
				INFOPLIST_KEY_UIApplicationSupportsIndirectInputEvents = YES;
				INFOPLIST_KEY_UILaunchStoryboardName = LaunchScreen;
				INFOPLIST_KEY_UIMainStoryboardFile = Main;
				INFOPLIST_KEY_UISupportedInterfaceOrientations_iPad = "UIInterfaceOrientationPortrait UIInterfaceOrientationPortraitUpsideDown UIInterfaceOrientationLandscapeLeft UIInterfaceOrientationLandscapeRight";
				INFOPLIST_KEY_UISupportedInterfaceOrientations_iPhone = "UIInterfaceOrientationPortrait UIInterfaceOrientationLandscapeLeft UIInterfaceOrientationLandscapeRight";
				LD_RUNPATH_SEARCH_PATHS = (
					"$(inherited)",
					"@executable_path/Frameworks",
				);
				MARKETING_VERSION = 1.0;
				PRODUCT_BUNDLE_IDENTIFIER = "vinko.hm-table";
				PRODUCT_NAME = "$(TARGET_NAME)";
				SWIFT_EMIT_LOC_STRINGS = YES;
				SWIFT_VERSION = 5.0;
				TARGETED_DEVICE_FAMILY = 1;
			};
			name = Release;
		};
/* End XCBuildConfiguration section */

/* Begin XCConfigurationList section */
		F15F713D2854A26E0080E787 /* Build configuration list for PBXProject "hm-table" */ = {
			isa = XCConfigurationList;
			buildConfigurations = (
				F15F71542854A2710080E787 /* Debug */,
				F15F71552854A2710080E787 /* Release */,
			);
			defaultConfigurationIsVisible = 0;
			defaultConfigurationName = Release;
		};
		F15F71562854A2710080E787 /* Build configuration list for PBXNativeTarget "hm-table" */ = {
			isa = XCConfigurationList;
			buildConfigurations = (
				F15F71572854A2710080E787 /* Debug */,
				F15F71582854A2710080E787 /* Release */,
			);
			defaultConfigurationIsVisible = 0;
			defaultConfigurationName = Release;
		};
/* End XCConfigurationList section */
	};
	rootObject = F15F713A2854A26E0080E787 /* Project object */;
}
